// !$*UTF8*$!
{
	archiveVersion = 1;
	classes = {
	};
	objectVersion = 50;
	objects = {

/* Begin PBXBuildFile section */
		65E09119211874FA00EC7579 /* AppDelegate.swift in Sources */ = {isa = PBXBuildFile; fileRef = 65E09118211874FA00EC7579 /* AppDelegate.swift */; };
		65E0911B211874FA00EC7579 /* ViewController.swift in Sources */ = {isa = PBXBuildFile; fileRef = 65E0911A211874FA00EC7579 /* ViewController.swift */; };
		65E0911E211874FA00EC7579 /* Main.storyboard in Resources */ = {isa = PBXBuildFile; fileRef = 65E0911C211874FA00EC7579 /* Main.storyboard */; };
		65E09120211874FC00EC7579 /* Assets.xcassets in Resources */ = {isa = PBXBuildFile; fileRef = 65E0911F211874FC00EC7579 /* Assets.xcassets */; };
		65E09123211874FC00EC7579 /* LaunchScreen.storyboard in Resources */ = {isa = PBXBuildFile; fileRef = 65E09121211874FC00EC7579 /* LaunchScreen.storyboard */; };
		65E0912E211874FC00EC7579 /* PickerviewNDateTimeTests.swift in Sources */ = {isa = PBXBuildFile; fileRef = 65E0912D211874FC00EC7579 /* PickerviewNDateTimeTests.swift */; };
		65E09139211874FC00EC7579 /* PickerviewNDateTimeUITests.swift in Sources */ = {isa = PBXBuildFile; fileRef = 65E09138211874FC00EC7579 /* PickerviewNDateTimeUITests.swift */; };
/* End PBXBuildFile section */

/* Begin PBXContainerItemProxy section */
		65E0912A211874FC00EC7579 /* PBXContainerItemProxy */ = {
			isa = PBXContainerItemProxy;
			containerPortal = 65E0910D211874FA00EC7579 /* Project object */;
			proxyType = 1;
			remoteGlobalIDString = 65E09114211874FA00EC7579;
			remoteInfo = PickerviewNDateTime;
		};
		65E09135211874FC00EC7579 /* PBXContainerItemProxy */ = {
			isa = PBXContainerItemProxy;
			containerPortal = 65E0910D211874FA00EC7579 /* Project object */;
			proxyType = 1;
			remoteGlobalIDString = 65E09114211874FA00EC7579;
			remoteInfo = PickerviewNDateTime;
		};
/* End PBXContainerItemProxy section */

/* Begin PBXFileReference section */
		65E09115211874FA00EC7579 /* PickerviewNDateTime.app */ = {isa = PBXFileReference; explicitFileType = wrapper.application; includeInIndex = 0; path = PickerviewNDateTime.app; sourceTree = BUILT_PRODUCTS_DIR; };
		65E09118211874FA00EC7579 /* AppDelegate.swift */ = {isa = PBXFileReference; lastKnownFileType = sourcecode.swift; path = AppDelegate.swift; sourceTree = "<group>"; };
		65E0911A211874FA00EC7579 /* ViewController.swift */ = {isa = PBXFileReference; lastKnownFileType = sourcecode.swift; path = ViewController.swift; sourceTree = "<group>"; };
		65E0911D211874FA00EC7579 /* Base */ = {isa = PBXFileReference; lastKnownFileType = file.storyboard; name = Base; path = Base.lproj/Main.storyboard; sourceTree = "<group>"; };
		65E0911F211874FC00EC7579 /* Assets.xcassets */ = {isa = PBXFileReference; lastKnownFileType = folder.assetcatalog; path = Assets.xcassets; sourceTree = "<group>"; };
		65E09122211874FC00EC7579 /* Base */ = {isa = PBXFileReference; lastKnownFileType = file.storyboard; name = Base; path = Base.lproj/LaunchScreen.storyboard; sourceTree = "<group>"; };
		65E09124211874FC00EC7579 /* Info.plist */ = {isa = PBXFileReference; lastKnownFileType = text.plist.xml; path = Info.plist; sourceTree = "<group>"; };
		65E09129211874FC00EC7579 /* PickerviewNDateTimeTests.xctest */ = {isa = PBXFileReference; explicitFileType = wrapper.cfbundle; includeInIndex = 0; path = PickerviewNDateTimeTests.xctest; sourceTree = BUILT_PRODUCTS_DIR; };
		65E0912D211874FC00EC7579 /* PickerviewNDateTimeTests.swift */ = {isa = PBXFileReference; lastKnownFileType = sourcecode.swift; path = PickerviewNDateTimeTests.swift; sourceTree = "<group>"; };
		65E0912F211874FC00EC7579 /* Info.plist */ = {isa = PBXFileReference; lastKnownFileType = text.plist.xml; path = Info.plist; sourceTree = "<group>"; };
		65E09134211874FC00EC7579 /* PickerviewNDateTimeUITests.xctest */ = {isa = PBXFileReference; explicitFileType = wrapper.cfbundle; includeInIndex = 0; path = PickerviewNDateTimeUITests.xctest; sourceTree = BUILT_PRODUCTS_DIR; };
		65E09138211874FC00EC7579 /* PickerviewNDateTimeUITests.swift */ = {isa = PBXFileReference; lastKnownFileType = sourcecode.swift; path = PickerviewNDateTimeUITests.swift; sourceTree = "<group>"; };
		65E0913A211874FC00EC7579 /* Info.plist */ = {isa = PBXFileReference; lastKnownFileType = text.plist.xml; path = Info.plist; sourceTree = "<group>"; };
/* End PBXFileReference section */

/* Begin PBXFrameworksBuildPhase section */
		65E09112211874FA00EC7579 /* Frameworks */ = {
			isa = PBXFrameworksBuildPhase;
			buildActionMask = 2147483647;
			files = (
			);
			runOnlyForDeploymentPostprocessing = 0;
		};
		65E09126211874FC00EC7579 /* Frameworks */ = {
			isa = PBXFrameworksBuildPhase;
			buildActionMask = 2147483647;
			files = (
			);
			runOnlyForDeploymentPostprocessing = 0;
		};
		65E09131211874FC00EC7579 /* Frameworks */ = {
			isa = PBXFrameworksBuildPhase;
			buildActionMask = 2147483647;
			files = (
			);
			runOnlyForDeploymentPostprocessing = 0;
		};
/* End PBXFrameworksBuildPhase section */

/* Begin PBXGroup section */
		65E0910C211874FA00EC7579 = {
			isa = PBXGroup;
			children = (
				65E09117211874FA00EC7579 /* PickerviewNDateTime */,
				65E0912C211874FC00EC7579 /* PickerviewNDateTimeTests */,
				65E09137211874FC00EC7579 /* PickerviewNDateTimeUITests */,
				65E09116211874FA00EC7579 /* Products */,
			);
			sourceTree = "<group>";
		};
		65E09116211874FA00EC7579 /* Products */ = {
			isa = PBXGroup;
			children = (
				65E09115211874FA00EC7579 /* PickerviewNDateTime.app */,
				65E09129211874FC00EC7579 /* PickerviewNDateTimeTests.xctest */,
				65E09134211874FC00EC7579 /* PickerviewNDateTimeUITests.xctest */,
			);
			name = Products;
			sourceTree = "<group>";
		};
		65E09117211874FA00EC7579 /* PickerviewNDateTime */ = {
			isa = PBXGroup;
			children = (
				65E09118211874FA00EC7579 /* AppDelegate.swift */,
				65E0911A211874FA00EC7579 /* ViewController.swift */,
				65E0911C211874FA00EC7579 /* Main.storyboard */,
				65E0911F211874FC00EC7579 /* Assets.xcassets */,
				65E09121211874FC00EC7579 /* LaunchScreen.storyboard */,
				65E09124211874FC00EC7579 /* Info.plist */,
			);
			path = PickerviewNDateTime;
			sourceTree = "<group>";
		};
		65E0912C211874FC00EC7579 /* PickerviewNDateTimeTests */ = {
			isa = PBXGroup;
			children = (
				65E0912D211874FC00EC7579 /* PickerviewNDateTimeTests.swift */,
				65E0912F211874FC00EC7579 /* Info.plist */,
			);
			path = PickerviewNDateTimeTests;
			sourceTree = "<group>";
		};
		65E09137211874FC00EC7579 /* PickerviewNDateTimeUITests */ = {
			isa = PBXGroup;
			children = (
				65E09138211874FC00EC7579 /* PickerviewNDateTimeUITests.swift */,
				65E0913A211874FC00EC7579 /* Info.plist */,
			);
			path = PickerviewNDateTimeUITests;
			sourceTree = "<group>";
		};
/* End PBXGroup section */

/* Begin PBXNativeTarget section */
		65E09114211874FA00EC7579 /* PickerviewNDateTime */ = {
			isa = PBXNativeTarget;
			buildConfigurationList = 65E0913D211874FC00EC7579 /* Build configuration list for PBXNativeTarget "PickerviewNDateTime" */;
			buildPhases = (
				65E09111211874FA00EC7579 /* Sources */,
				65E09112211874FA00EC7579 /* Frameworks */,
				65E09113211874FA00EC7579 /* Resources */,
			);
			buildRules = (
			);
			dependencies = (
			);
			name = PickerviewNDateTime;
			productName = PickerviewNDateTime;
			productReference = 65E09115211874FA00EC7579 /* PickerviewNDateTime.app */;
			productType = "com.apple.product-type.application";
		};
		65E09128211874FC00EC7579 /* PickerviewNDateTimeTests */ = {
			isa = PBXNativeTarget;
			buildConfigurationList = 65E09140211874FC00EC7579 /* Build configuration list for PBXNativeTarget "PickerviewNDateTimeTests" */;
			buildPhases = (
				65E09125211874FC00EC7579 /* Sources */,
				65E09126211874FC00EC7579 /* Frameworks */,
				65E09127211874FC00EC7579 /* Resources */,
			);
			buildRules = (
			);
			dependencies = (
				65E0912B211874FC00EC7579 /* PBXTargetDependency */,
			);
			name = PickerviewNDateTimeTests;
			productName = PickerviewNDateTimeTests;
			productReference = 65E09129211874FC00EC7579 /* PickerviewNDateTimeTests.xctest */;
			productType = "com.apple.product-type.bundle.unit-test";
		};
		65E09133211874FC00EC7579 /* PickerviewNDateTimeUITests */ = {
			isa = PBXNativeTarget;
			buildConfigurationList = 65E09143211874FC00EC7579 /* Build configuration list for PBXNativeTarget "PickerviewNDateTimeUITests" */;
			buildPhases = (
				65E09130211874FC00EC7579 /* Sources */,
				65E09131211874FC00EC7579 /* Frameworks */,
				65E09132211874FC00EC7579 /* Resources */,
			);
			buildRules = (
			);
			dependencies = (
				65E09136211874FC00EC7579 /* PBXTargetDependency */,
			);
			name = PickerviewNDateTimeUITests;
			productName = PickerviewNDateTimeUITests;
			productReference = 65E09134211874FC00EC7579 /* PickerviewNDateTimeUITests.xctest */;
			productType = "com.apple.product-type.bundle.ui-testing";
		};
/* End PBXNativeTarget section */

/* Begin PBXProject section */
		65E0910D211874FA00EC7579 /* Project object */ = {
			isa = PBXProject;
			attributes = {
				LastSwiftUpdateCheck = 0940;
				LastUpgradeCheck = 0940;
				ORGANIZATIONNAME = Pasha;
				TargetAttributes = {
					65E09114211874FA00EC7579 = {
						CreatedOnToolsVersion = 9.4.1;
					};
					65E09128211874FC00EC7579 = {
						CreatedOnToolsVersion = 9.4.1;
						TestTargetID = 65E09114211874FA00EC7579;
					};
					65E09133211874FC00EC7579 = {
						CreatedOnToolsVersion = 9.4.1;
						TestTargetID = 65E09114211874FA00EC7579;
					};
				};
			};
			buildConfigurationList = 65E09110211874FA00EC7579 /* Build configuration list for PBXProject "PickerviewNDateTime" */;
			compatibilityVersion = "Xcode 9.3";
			developmentRegion = en;
			hasScannedForEncodings = 0;
			knownRegions = (
				en,
				Base,
			);
			mainGroup = 65E0910C211874FA00EC7579;
			productRefGroup = 65E09116211874FA00EC7579 /* Products */;
			projectDirPath = "";
			projectRoot = "";
			targets = (
				65E09114211874FA00EC7579 /* PickerviewNDateTime */,
				65E09128211874FC00EC7579 /* PickerviewNDateTimeTests */,
				65E09133211874FC00EC7579 /* PickerviewNDateTimeUITests */,
			);
		};
/* End PBXProject section */

/* Begin PBXResourcesBuildPhase section */
		65E09113211874FA00EC7579 /* Resources */ = {
			isa = PBXResourcesBuildPhase;
			buildActionMask = 2147483647;
			files = (
				65E09123211874FC00EC7579 /* LaunchScreen.storyboard in Resources */,
				65E09120211874FC00EC7579 /* Assets.xcassets in Resources */,
				65E0911E211874FA00EC7579 /* Main.storyboard in Resources */,
			);
			runOnlyForDeploymentPostprocessing = 0;
		};
		65E09127211874FC00EC7579 /* Resources */ = {
			isa = PBXResourcesBuildPhase;
			buildActionMask = 2147483647;
			files = (
			);
			runOnlyForDeploymentPostprocessing = 0;
		};
		65E09132211874FC00EC7579 /* Resources */ = {
			isa = PBXResourcesBuildPhase;
			buildActionMask = 2147483647;
			files = (
			);
			runOnlyForDeploymentPostprocessing = 0;
		};
/* End PBXResourcesBuildPhase section */

/* Begin PBXSourcesBuildPhase section */
		65E09111211874FA00EC7579 /* Sources */ = {
			isa = PBXSourcesBuildPhase;
			buildActionMask = 2147483647;
			files = (
				65E0911B211874FA00EC7579 /* ViewController.swift in Sources */,
				65E09119211874FA00EC7579 /* AppDelegate.swift in Sources */,
			);
			runOnlyForDeploymentPostprocessing = 0;
		};
		65E09125211874FC00EC7579 /* Sources */ = {
			isa = PBXSourcesBuildPhase;
			buildActionMask = 2147483647;
			files = (
				65E0912E211874FC00EC7579 /* PickerviewNDateTimeTests.swift in Sources */,
			);
			runOnlyForDeploymentPostprocessing = 0;
		};
		65E09130211874FC00EC7579 /* Sources */ = {
			isa = PBXSourcesBuildPhase;
			buildActionMask = 2147483647;
			files = (
				65E09139211874FC00EC7579 /* PickerviewNDateTimeUITests.swift in Sources */,
			);
			runOnlyForDeploymentPostprocessing = 0;
		};
/* End PBXSourcesBuildPhase section */

/* Begin PBXTargetDependency section */
		65E0912B211874FC00EC7579 /* PBXTargetDependency */ = {
			isa = PBXTargetDependency;
			target = 65E09114211874FA00EC7579 /* PickerviewNDateTime */;
			targetProxy = 65E0912A211874FC00EC7579 /* PBXContainerItemProxy */;
		};
		65E09136211874FC00EC7579 /* PBXTargetDependency */ = {
			isa = PBXTargetDependency;
			target = 65E09114211874FA00EC7579 /* PickerviewNDateTime */;
			targetProxy = 65E09135211874FC00EC7579 /* PBXContainerItemProxy */;
		};
/* End PBXTargetDependency section */

/* Begin PBXVariantGroup section */
		65E0911C211874FA00EC7579 /* Main.storyboard */ = {
			isa = PBXVariantGroup;
			children = (
				65E0911D211874FA00EC7579 /* Base */,
			);
			name = Main.storyboard;
			sourceTree = "<group>";
		};
		65E09121211874FC00EC7579 /* LaunchScreen.storyboard */ = {
			isa = PBXVariantGroup;
			children = (
				65E09122211874FC00EC7579 /* Base */,
			);
			name = LaunchScreen.storyboard;
			sourceTree = "<group>";
		};
/* End PBXVariantGroup section */

/* Begin XCBuildConfiguration section */
		65E0913B211874FC00EC7579 /* Debug */ = {
			isa = XCBuildConfiguration;
			buildSettings = {
				ALWAYS_SEARCH_USER_PATHS = NO;
				CLANG_ANALYZER_NONNULL = YES;
				CLANG_ANALYZER_NUMBER_OBJECT_CONVERSION = YES_AGGRESSIVE;
				CLANG_CXX_LANGUAGE_STANDARD = "gnu++14";
				CLANG_CXX_LIBRARY = "libc++";
				CLANG_ENABLE_MODULES = YES;
				CLANG_ENABLE_OBJC_ARC = YES;
				CLANG_ENABLE_OBJC_WEAK = YES;
				CLANG_WARN_BLOCK_CAPTURE_AUTORELEASING = YES;
				CLANG_WARN_BOOL_CONVERSION = YES;
				CLANG_WARN_COMMA = YES;
				CLANG_WARN_CONSTANT_CONVERSION = YES;
				CLANG_WARN_DEPRECATED_OBJC_IMPLEMENTATIONS = YES;
				CLANG_WARN_DIRECT_OBJC_ISA_USAGE = YES_ERROR;
				CLANG_WARN_DOCUMENTATION_COMMENTS = YES;
				CLANG_WARN_EMPTY_BODY = YES;
				CLANG_WARN_ENUM_CONVERSION = YES;
				CLANG_WARN_INFINITE_RECURSION = YES;
				CLANG_WARN_INT_CONVERSION = YES;
				CLANG_WARN_NON_LITERAL_NULL_CONVERSION = YES;
				CLANG_WARN_OBJC_IMPLICIT_RETAIN_SELF = YES;
				CLANG_WARN_OBJC_LITERAL_CONVERSION = YES;
				CLANG_WARN_OBJC_ROOT_CLASS = YES_ERROR;
				CLANG_WARN_RANGE_LOOP_ANALYSIS = YES;
				CLANG_WARN_STRICT_PROTOTYPES = YES;
				CLANG_WARN_SUSPICIOUS_MOVE = YES;
				CLANG_WARN_UNGUARDED_AVAILABILITY = YES_AGGRESSIVE;
				CLANG_WARN_UNREACHABLE_CODE = YES;
				CLANG_WARN__DUPLICATE_METHOD_MATCH = YES;
				CODE_SIGN_IDENTITY = "iPhone Developer";
				COPY_PHASE_STRIP = NO;
				DEBUG_INFORMATION_FORMAT = dwarf;
				ENABLE_STRICT_OBJC_MSGSEND = YES;
				ENABLE_TESTABILITY = YES;
				GCC_C_LANGUAGE_STANDARD = gnu11;
				GCC_DYNAMIC_NO_PIC = NO;
				GCC_NO_COMMON_BLOCKS = YES;
				GCC_OPTIMIZATION_LEVEL = 0;
				GCC_PREPROCESSOR_DEFINITIONS = (
					"DEBUG=1",
					"$(inherited)",
				);
				GCC_WARN_64_TO_32_BIT_CONVERSION = YES;
				GCC_WARN_ABOUT_RETURN_TYPE = YES_ERROR;
				GCC_WARN_UNDECLARED_SELECTOR = YES;
				GCC_WARN_UNINITIALIZED_AUTOS = YES_AGGRESSIVE;
				GCC_WARN_UNUSED_FUNCTION = YES;
				GCC_WARN_UNUSED_VARIABLE = YES;
				IPHONEOS_DEPLOYMENT_TARGET = 11.4;
				MTL_ENABLE_DEBUG_INFO = YES;
				ONLY_ACTIVE_ARCH = YES;
				SDKROOT = iphoneos;
				SWIFT_ACTIVE_COMPILATION_CONDITIONS = DEBUG;
				SWIFT_OPTIMIZATION_LEVEL = "-Onone";
			};
			name = Debug;
		};
		65E0913C211874FC00EC7579 /* Release */ = {
			isa = XCBuildConfiguration;
			buildSettings = {
				ALWAYS_SEARCH_USER_PATHS = NO;
				CLANG_ANALYZER_NONNULL = YES;
				CLANG_ANALYZER_NUMBER_OBJECT_CONVERSION = YES_AGGRESSIVE;
				CLANG_CXX_LANGUAGE_STANDARD = "gnu++14";
				CLANG_CXX_LIBRARY = "libc++";
				CLANG_ENABLE_MODULES = YES;
				CLANG_ENABLE_OBJC_ARC = YES;
				CLANG_ENABLE_OBJC_WEAK = YES;
				CLANG_WARN_BLOCK_CAPTURE_AUTORELEASING = YES;
				CLANG_WARN_BOOL_CONVERSION = YES;
				CLANG_WARN_COMMA = YES;
				CLANG_WARN_CONSTANT_CONVERSION = YES;
				CLANG_WARN_DEPRECATED_OBJC_IMPLEMENTATIONS = YES;
				CLANG_WARN_DIRECT_OBJC_ISA_USAGE = YES_ERROR;
				CLANG_WARN_DOCUMENTATION_COMMENTS = YES;
				CLANG_WARN_EMPTY_BODY = YES;
				CLANG_WARN_ENUM_CONVERSION = YES;
				CLANG_WARN_INFINITE_RECURSION = YES;
				CLANG_WARN_INT_CONVERSION = YES;
				CLANG_WARN_NON_LITERAL_NULL_CONVERSION = YES;
				CLANG_WARN_OBJC_IMPLICIT_RETAIN_SELF = YES;
				CLANG_WARN_OBJC_LITERAL_CONVERSION = YES;
				CLANG_WARN_OBJC_ROOT_CLASS = YES_ERROR;
				CLANG_WARN_RANGE_LOOP_ANALYSIS = YES;
				CLANG_WARN_STRICT_PROTOTYPES = YES;
				CLANG_WARN_SUSPICIOUS_MOVE = YES;
				CLANG_WARN_UNGUARDED_AVAILABILITY = YES_AGGRESSIVE;
				CLANG_WARN_UNREACHABLE_CODE = YES;
				CLANG_WARN__DUPLICATE_METHOD_MATCH = YES;
				CODE_SIGN_IDENTITY = "iPhone Developer";
				COPY_PHASE_STRIP = NO;
				DEBUG_INFORMATION_FORMAT = "dwarf-with-dsym";
				ENABLE_NS_ASSERTIONS = NO;
				ENABLE_STRICT_OBJC_MSGSEND = YES;
				GCC_C_LANGUAGE_STANDARD = gnu11;
				GCC_NO_COMMON_BLOCKS = YES;
				GCC_WARN_64_TO_32_BIT_CONVERSION = YES;
				GCC_WARN_ABOUT_RETURN_TYPE = YES_ERROR;
				GCC_WARN_UNDECLARED_SELECTOR = YES;
				GCC_WARN_UNINITIALIZED_AUTOS = YES_AGGRESSIVE;
				GCC_WARN_UNUSED_FUNCTION = YES;
				GCC_WARN_UNUSED_VARIABLE = YES;
				IPHONEOS_DEPLOYMENT_TARGET = 11.4;
				MTL_ENABLE_DEBUG_INFO = NO;
				SDKROOT = iphoneos;
				SWIFT_COMPILATION_MODE = wholemodule;
				SWIFT_OPTIMIZATION_LEVEL = "-O";
				VALIDATE_PRODUCT = YES;
			};
			name = Release;
		};
		65E0913E211874FC00EC7579 /* Debug */ = {
			isa = XCBuildConfiguration;
			buildSettings = {
				ASSETCATALOG_COMPILER_APPICON_NAME = AppIcon;
				CODE_SIGN_STYLE = Automatic;
				INFOPLIST_FILE = PickerviewNDateTime/Info.plist;
				LD_RUNPATH_SEARCH_PATHS = (
					"$(inherited)",
					"@executable_path/Frameworks",
				);
				PRODUCT_BUNDLE_IDENTIFIER = mycompany.PickerviewNDateTime;
				PRODUCT_NAME = "$(TARGET_NAME)";
				SWIFT_VERSION = 4.0;
				TARGETED_DEVICE_FAMILY = "1,2";
			};
			name = Debug;
		};
		65E0913F211874FC00EC7579 /* Release */ = {
			isa = XCBuildConfiguration;
			buildSettings = {
				ASSETCATALOG_COMPILER_APPICON_NAME = AppIcon;
				CODE_SIGN_STYLE = Automatic;
				INFOPLIST_FILE = PickerviewNDateTime/Info.plist;
				LD_RUNPATH_SEARCH_PATHS = (
					"$(inherited)",
					"@executable_path/Frameworks",
				);
				PRODUCT_BUNDLE_IDENTIFIER = mycompany.PickerviewNDateTime;
				PRODUCT_NAME = "$(TARGET_NAME)";
				SWIFT_VERSION = 4.0;
				TARGETED_DEVICE_FAMILY = "1,2";
			};
			name = Release;
		};
		65E09141211874FC00EC7579 /* Debug */ = {
			isa = XCBuildConfiguration;
			buildSettings = {
				ALWAYS_EMBED_SWIFT_STANDARD_LIBRARIES = YES;
				BUNDLE_LOADER = "$(TEST_HOST)";
				CODE_SIGN_STYLE = Automatic;
				INFOPLIST_FILE = PickerviewNDateTimeTests/Info.plist;
				LD_RUNPATH_SEARCH_PATHS = (
					"$(inherited)",
					"@executable_path/Frameworks",
					"@loader_path/Frameworks",
				);
				PRODUCT_BUNDLE_IDENTIFIER = mycompany.PickerviewNDateTimeTests;
				PRODUCT_NAME = "$(TARGET_NAME)";
				SWIFT_VERSION = 4.0;
				TARGETED_DEVICE_FAMILY = "1,2";
				TEST_HOST = "$(BUILT_PRODUCTS_DIR)/PickerviewNDateTime.app/PickerviewNDateTime";
			};
			name = Debug;
		};
		65E09142211874FC00EC7579 /* Release */ = {
			isa = XCBuildConfiguration;
			buildSettings = {
				ALWAYS_EMBED_SWIFT_STANDARD_LIBRARIES = YES;
				BUNDLE_LOADER = "$(TEST_HOST)";
				CODE_SIGN_STYLE = Automatic;
				INFOPLIST_FILE = PickerviewNDateTimeTests/Info.plist;
				LD_RUNPATH_SEARCH_PATHS = (
					"$(inherited)",
					"@executable_path/Frameworks",
					"@loader_path/Frameworks",
				);
				PRODUCT_BUNDLE_IDENTIFIER = mycompany.PickerviewNDateTimeTests;
				PRODUCT_NAME = "$(TARGET_NAME)";
				SWIFT_VERSION = 4.0;
				TARGETED_DEVICE_FAMILY = "1,2";
				TEST_HOST = "$(BUILT_PRODUCTS_DIR)/PickerviewNDateTime.app/PickerviewNDateTime";
			};
			name = Release;
		};
		65E09144211874FC00EC7579 /* Debug */ = {
			isa = XCBuildConfiguration;
			buildSettings = {
				ALWAYS_EMBED_SWIFT_STANDARD_LIBRARIES = YES;
				CODE_SIGN_STYLE = Automatic;
				INFOPLIST_FILE = PickerviewNDateTimeUITests/Info.plist;
				LD_RUNPATH_SEARCH_PATHS = (
					"$(inherited)",
					"@executable_path/Frameworks",
					"@loader_path/Frameworks",
				);
				PRODUCT_BUNDLE_IDENTIFIER = mycompany.PickerviewNDateTimeUITests;
				PRODUCT_NAME = "$(TARGET_NAME)";
				SWIFT_VERSION = 4.0;
				TARGETED_DEVICE_FAMILY = "1,2";
				TEST_TARGET_NAME = PickerviewNDateTime;
			};
			name = Debug;
		};
		65E09145211874FC00EC7579 /* Release */ = {
			isa = XCBuildConfiguration;
			buildSettings = {
				ALWAYS_EMBED_SWIFT_STANDARD_LIBRARIES = YES;
				CODE_SIGN_STYLE = Automatic;
				INFOPLIST_FILE = PickerviewNDateTimeUITests/Info.plist;
				LD_RUNPATH_SEARCH_PATHS = (
					"$(inherited)",
					"@executable_path/Frameworks",
					"@loader_path/Frameworks",
				);
				PRODUCT_BUNDLE_IDENTIFIER = mycompany.PickerviewNDateTimeUITests;
				PRODUCT_NAME = "$(TARGET_NAME)";
				SWIFT_VERSION = 4.0;
				TARGETED_DEVICE_FAMILY = "1,2";
				TEST_TARGET_NAME = PickerviewNDateTime;
			};
			name = Release;
		};
/* End XCBuildConfiguration section */

/* Begin XCConfigurationList section */
		65E09110211874FA00EC7579 /* Build configuration list for PBXProject "PickerviewNDateTime" */ = {
			isa = XCConfigurationList;
			buildConfigurations = (
				65E0913B211874FC00EC7579 /* Debug */,
				65E0913C211874FC00EC7579 /* Release */,
			);
			defaultConfigurationIsVisible = 0;
			defaultConfigurationName = Release;
		};
		65E0913D211874FC00EC7579 /* Build configuration list for PBXNativeTarget "PickerviewNDateTime" */ = {
			isa = XCConfigurationList;
			buildConfigurations = (
				65E0913E211874FC00EC7579 /* Debug */,
				65E0913F211874FC00EC7579 /* Release */,
			);
			defaultConfigurationIsVisible = 0;
			defaultConfigurationName = Release;
		};
		65E09140211874FC00EC7579 /* Build configuration list for PBXNativeTarget "PickerviewNDateTimeTests" */ = {
			isa = XCConfigurationList;
			buildConfigurations = (
				65E09141211874FC00EC7579 /* Debug */,
				65E09142211874FC00EC7579 /* Release */,
			);
			defaultConfigurationIsVisible = 0;
			defaultConfigurationName = Release;
		};
		65E09143211874FC00EC7579 /* Build configuration list for PBXNativeTarget "PickerviewNDateTimeUITests" */ = {
			isa = XCConfigurationList;
			buildConfigurations = (
				65E09144211874FC00EC7579 /* Debug */,
				65E09145211874FC00EC7579 /* Release */,
			);
			defaultConfigurationIsVisible = 0;
			defaultConfigurationName = Release;
		};
/* End XCConfigurationList section */
	};
	rootObject = 65E0910D211874FA00EC7579 /* Project object */;
}
